// !$*UTF8*$!
{
	archiveVersion = 1;
	classes = {
	};
	objectVersion = 77;
	objects = {

/* Begin PBXBuildFile section */
		04A0110BFE43943B0B8D744B /* DroughtDataStore.swift in Sources */ = {isa = PBXBuildFile; fileRef = FDA1A8F5F5431272E84F5265 /* DroughtDataStore.swift */; };
		0551E5E7043A82AFD06E9CDC /* AppEnvironment.swift in Sources */ = {isa = PBXBuildFile; fileRef = CB5F60F64EB5650E09C86242 /* AppEnvironment.swift */; };
		0716C98545F68D9D618B7458 /* DroughtTodayCard.swift in Sources */ = {isa = PBXBuildFile; fileRef = B9D152E4F6A5DE5DD01380A0 /* DroughtTodayCard.swift */; };
		1454186298F93C51AB6341D9 /* ReservoirMapPanel.swift in Sources */ = {isa = PBXBuildFile; fileRef = 002C534A2C8CCDA0B0A1CA6F /* ReservoirMapPanel.swift */; };
		186264A05861D7D0375BBDEC /* NotificationSettingsView.swift in Sources */ = {isa = PBXBuildFile; fileRef = 233F29D4B3FCC43941DCC0DC /* NotificationSettingsView.swift */; };
		192507A0B58234EABBFAA2B9 /* TexasWaterMap.swift in Sources */ = {isa = PBXBuildFile; fileRef = 1831155DCB25AB8ABA2F14D9 /* TexasWaterMap.swift */; };
		1B348E4B9573FFF797C70089 /* ContentView.swift in Sources */ = {isa = PBXBuildFile; fileRef = 9A2330395D4CF259EDA912E2 /* ContentView.swift */; };
		307A2307E82437087999A278 /* ReservoirListView.swift in Sources */ = {isa = PBXBuildFile; fileRef = AD961C2804A8BE786FAACEB7 /* ReservoirListView.swift */; };
		36A22C8DDCFD4450B74F513D /* TexasWaterAppTests.swift in Sources */ = {isa = PBXBuildFile; fileRef = E50D06D0374DB0E827837B5E /* TexasWaterAppTests.swift */; };
		376AB964AA33EBD4EBDB13F2 /* WaterFormatting.swift in Sources */ = {isa = PBXBuildFile; fileRef = 53B0EBB49DA8A5E306922489 /* WaterFormatting.swift */; };
		3AAF57D3FB9E364B02FB4925 /* LocalAlertManager.swift in Sources */ = {isa = PBXBuildFile; fileRef = 542C45536EF3929417ECA424 /* LocalAlertManager.swift */; };
		4776E8ACB830EEEF1B94F7BB /* TexasWaterCore in Frameworks */ = {isa = PBXBuildFile; productRef = 251B4B35E96B26BC9A32C68D /* TexasWaterCore */; };
		4EA3906A43D80CB9CA59192F /* TexasWaterDeepLinkInbox.swift in Sources */ = {isa = PBXBuildFile; fileRef = 302916A845075F563ADB3BF1 /* TexasWaterDeepLinkInbox.swift */; };
		52EBEC298A77D78C36689341 /* Assets.xcassets in Resources */ = {isa = PBXBuildFile; fileRef = 7C0A38CDEDD7E7DE677DF778 /* Assets.xcassets */; };
		5EEE9D215138E32A82058369 /* DashboardSection.swift in Sources */ = {isa = PBXBuildFile; fileRef = BB1C0D0E82A11223FDF1D3C6 /* DashboardSection.swift */; };
		7198891B5BC1AF97295C5891 /* ReservoirDataStore.swift in Sources */ = {isa = PBXBuildFile; fileRef = 5CB01077DA0996E6B571F670 /* ReservoirDataStore.swift */; };
		7AFFA2DCBFAF63C3B5A4ED38 /* TexasWaterDeepLink.swift in Sources */ = {isa = PBXBuildFile; fileRef = AEFA12EE73D6885B14618981 /* TexasWaterDeepLink.swift */; };
		7BA1EE7594E0B2E479678EFD /* TexasWaterCore in Frameworks */ = {isa = PBXBuildFile; productRef = E0BD2BE9EB5BDF7D18125273 /* TexasWaterCore */; };
		831DCA13C9378DB38FA8968E /* TexasWaterCoreTests.swift in Sources */ = {isa = PBXBuildFile; fileRef = F2EAB49283762930FBEDEE70 /* TexasWaterCoreTests.swift */; };
		85190710F3C50EAC2D273C8C /* ReservoirDetailView.swift in Sources */ = {isa = PBXBuildFile; fileRef = 09EE94ED7175994401FA3B6E /* ReservoirDetailView.swift */; };
		8ED9C717D029FA5A5AB01EBB /* TexasWaterCore in Frameworks */ = {isa = PBXBuildFile; productRef = ED3414E196B2423559F10374 /* TexasWaterCore */; };
		94DD8C1568D445207F76A892 /* Texas Water Widget.appex in Embed Foundation Extensions */ = {isa = PBXBuildFile; fileRef = BB6F93893D2A3E57BC8314C5 /* Texas Water Widget.appex */; settings = {ATTRIBUTES = (RemoveHeadersOnCopy, ); }; };
		969A6E800C1A83BD1FCBB8C0 /* DashboardCache.swift in Sources */ = {isa = PBXBuildFile; fileRef = A66BFA98AF8AB8620727E12D /* DashboardCache.swift */; };
		9854BC4A2F2B47448BAA48EF /* WaterWidgetCache.swift in Sources */ = {isa = PBXBuildFile; fileRef = 61167902E5E3BA12ED34E6D7 /* WaterWidgetCache.swift */; };
		A0C8644C8CDEDD646B281069 /* TexasWaterWidget.swift in Sources */ = {isa = PBXBuildFile; fileRef = EC7166B9359A9CA532EAE532 /* TexasWaterWidget.swift */; };
		A3A45E3316D6C21923DB0B2E /* DroughtMapView.swift in Sources */ = {isa = PBXBuildFile; fileRef = 18CE220D7BF02E722A962CF8 /* DroughtMapView.swift */; };
		A5D59CA80B8CBD4E71FD1A2F /* ReservoirRow.swift in Sources */ = {isa = PBXBuildFile; fileRef = 97CC3934906089EAA367E952 /* ReservoirRow.swift */; };
		B7C96A5B6E4EBF23D7FB1B88 /* MapView.swift in Sources */ = {isa = PBXBuildFile; fileRef = F182B2FE1D5F50F71AF4FB68 /* MapView.swift */; };
		BDB78EA6F9BABD29437058FC /* DroughtHydrologyContextView.swift in Sources */ = {isa = PBXBuildFile; fileRef = 89C7C7FD6C8D4AF2C2682BFC /* DroughtHydrologyContextView.swift */; };
		BE6653AD3E2BC0F3D0C9170E /* TexasWaterApp.swift in Sources */ = {isa = PBXBuildFile; fileRef = 252335BE49976F8049BD4DC9 /* TexasWaterApp.swift */; };
		C0C8C58A8EF713ABA2E75E06 /* WaterWidgetCache.swift in Sources */ = {isa = PBXBuildFile; fileRef = 61167902E5E3BA12ED34E6D7 /* WaterWidgetCache.swift */; };
		C0D050DA293D46BEA1E279EB /* SummaryHeroCard.swift in Sources */ = {isa = PBXBuildFile; fileRef = F556DEA25DD9BCCE2ED09191 /* SummaryHeroCard.swift */; };
		D81758A706C533558BE98E86 /* TodayView.swift in Sources */ = {isa = PBXBuildFile; fileRef = E35308719F123C32DC78621B /* TodayView.swift */; };
		EAFB21740CA18C0419B3E107 /* BasinListView.swift in Sources */ = {isa = PBXBuildFile; fileRef = ECF799960593C82FFF201FB6 /* BasinListView.swift */; };
		EF0887DADEA4D4F9A0BB0D86 /* AboutView.swift in Sources */ = {isa = PBXBuildFile; fileRef = AC5867C66D98CC91F235BA62 /* AboutView.swift */; };
		EF1E6B86AC639AE365B45F43 /* DroughtView.swift in Sources */ = {isa = PBXBuildFile; fileRef = 817A874B6D2087891B61BD22 /* DroughtView.swift */; };
		F1D086CC54D2DA792528865D /* CountyBoundaryMap.swift in Sources */ = {isa = PBXBuildFile; fileRef = 5F854C04175BFC5EB355565E /* CountyBoundaryMap.swift */; };
		FD0C6B6D4C90912BE4DECCF4 /* TexasWaterDeepLink.swift in Sources */ = {isa = PBXBuildFile; fileRef = AEFA12EE73D6885B14618981 /* TexasWaterDeepLink.swift */; };
/* End PBXBuildFile section */

/* Begin PBXContainerItemProxy section */
		D69D65AD41FBF02096D560E7 /* PBXContainerItemProxy */ = {
			isa = PBXContainerItemProxy;
			containerPortal = 24379E49927A1EA1986A013D /* Project object */;
			proxyType = 1;
			remoteGlobalIDString = 09CF1D8C7C5B4158DE271EED;
			remoteInfo = TexasWaterWidget;
		};
		F61ED1ED0DBCADAD01652E21 /* PBXContainerItemProxy */ = {
			isa = PBXContainerItemProxy;
			containerPortal = 24379E49927A1EA1986A013D /* Project object */;
			proxyType = 1;
			remoteGlobalIDString = 402FC205BA69E786E38D5CEC;
			remoteInfo = TexasWater;
		};
/* End PBXContainerItemProxy section */

/* Begin PBXCopyFilesBuildPhase section */
		A2BFE0B0B33411274BA3F0F0 /* Embed Foundation Extensions */ = {
			isa = PBXCopyFilesBuildPhase;
			buildActionMask = 2147483647;
			dstPath = "";
			dstSubfolderSpec = 13;
			files = (
				94DD8C1568D445207F76A892 /* Texas Water Widget.appex in Embed Foundation Extensions */,
			);
			name = "Embed Foundation Extensions";
			runOnlyForDeploymentPostprocessing = 0;
		};
/* End PBXCopyFilesBuildPhase section */

/* Begin PBXFileReference section */
		002C534A2C8CCDA0B0A1CA6F /* ReservoirMapPanel.swift */ = {isa = PBXFileReference; lastKnownFileType = sourcecode.swift; path = ReservoirMapPanel.swift; sourceTree = "<group>"; };
		09EE94ED7175994401FA3B6E /* ReservoirDetailView.swift */ = {isa = PBXFileReference; lastKnownFileType = sourcecode.swift; path = ReservoirDetailView.swift; sourceTree = "<group>"; };
		1831155DCB25AB8ABA2F14D9 /* TexasWaterMap.swift */ = {isa = PBXFileReference; lastKnownFileType = sourcecode.swift; path = TexasWaterMap.swift; sourceTree = "<group>"; };
		18CE220D7BF02E722A962CF8 /* DroughtMapView.swift */ = {isa = PBXFileReference; lastKnownFileType = sourcecode.swift; path = DroughtMapView.swift; sourceTree = "<group>"; };
		233F29D4B3FCC43941DCC0DC /* NotificationSettingsView.swift */ = {isa = PBXFileReference; lastKnownFileType = sourcecode.swift; path = NotificationSettingsView.swift; sourceTree = "<group>"; };
		252335BE49976F8049BD4DC9 /* TexasWaterApp.swift */ = {isa = PBXFileReference; lastKnownFileType = sourcecode.swift; path = TexasWaterApp.swift; sourceTree = "<group>"; };
		302916A845075F563ADB3BF1 /* TexasWaterDeepLinkInbox.swift */ = {isa = PBXFileReference; lastKnownFileType = sourcecode.swift; path = TexasWaterDeepLinkInbox.swift; sourceTree = "<group>"; };
		3CCA109D9E69C1C94A05488E /* TexasWaterWidget.entitlements */ = {isa = PBXFileReference; lastKnownFileType = text.plist.entitlements; path = TexasWaterWidget.entitlements; sourceTree = "<group>"; };
		53B0EBB49DA8A5E306922489 /* WaterFormatting.swift */ = {isa = PBXFileReference; lastKnownFileType = sourcecode.swift; path = WaterFormatting.swift; sourceTree = "<group>"; };
		542C45536EF3929417ECA424 /* LocalAlertManager.swift */ = {isa = PBXFileReference; lastKnownFileType = sourcecode.swift; path = LocalAlertManager.swift; sourceTree = "<group>"; };
		59DF126957AE0A444CF2CD7F /* TexasWaterAppTests.xctest */ = {isa = PBXFileReference; explicitFileType = wrapper.cfbundle; includeInIndex = 0; path = TexasWaterAppTests.xctest; sourceTree = BUILT_PRODUCTS_DIR; };
		5CB01077DA0996E6B571F670 /* ReservoirDataStore.swift */ = {isa = PBXFileReference; lastKnownFileType = sourcecode.swift; path = ReservoirDataStore.swift; sourceTree = "<group>"; };
		5F854C04175BFC5EB355565E /* CountyBoundaryMap.swift */ = {isa = PBXFileReference; lastKnownFileType = sourcecode.swift; path = CountyBoundaryMap.swift; sourceTree = "<group>"; };
		61167902E5E3BA12ED34E6D7 /* WaterWidgetCache.swift */ = {isa = PBXFileReference; lastKnownFileType = sourcecode.swift; path = WaterWidgetCache.swift; sourceTree = "<group>"; };
		66B91B82B1F2EF5751FF9991 /* Info.plist */ = {isa = PBXFileReference; lastKnownFileType = text.plist; path = Info.plist; sourceTree = "<group>"; };
		7AD441C27CD2757019178FA3 /* TexasWater.entitlements */ = {isa = PBXFileReference; lastKnownFileType = text.plist.entitlements; path = TexasWater.entitlements; sourceTree = "<group>"; };
		7C0A38CDEDD7E7DE677DF778 /* Assets.xcassets */ = {isa = PBXFileReference; lastKnownFileType = folder.assetcatalog; path = Assets.xcassets; sourceTree = "<group>"; };
		817A874B6D2087891B61BD22 /* DroughtView.swift */ = {isa = PBXFileReference; lastKnownFileType = sourcecode.swift; path = DroughtView.swift; sourceTree = "<group>"; };
		89C7C7FD6C8D4AF2C2682BFC /* DroughtHydrologyContextView.swift */ = {isa = PBXFileReference; lastKnownFileType = sourcecode.swift; path = DroughtHydrologyContextView.swift; sourceTree = "<group>"; };
		8B0C07FE0ED946E9E7B30A78 /* Texas Water.app */ = {isa = PBXFileReference; includeInIndex = 0; lastKnownFileType = wrapper.application; path = "Texas Water.app"; sourceTree = BUILT_PRODUCTS_DIR; };
		90EE5317B3333C81DB9E0BCE /* TexasWaterCore */ = {isa = PBXFileReference; lastKnownFileType = folder; name = TexasWaterCore; path = Packages/TexasWaterCore; sourceTree = SOURCE_ROOT; };
		92ED1AEF2CB56EA33EB6D20A /* TexasWaterCoreTests.xctest */ = {isa = PBXFileReference; explicitFileType = wrapper.cfbundle; includeInIndex = 0; path = TexasWaterCoreTests.xctest; sourceTree = BUILT_PRODUCTS_DIR; };
		97CC3934906089EAA367E952 /* ReservoirRow.swift */ = {isa = PBXFileReference; lastKnownFileType = sourcecode.swift; path = ReservoirRow.swift; sourceTree = "<group>"; };
		9A2330395D4CF259EDA912E2 /* ContentView.swift */ = {isa = PBXFileReference; lastKnownFileType = sourcecode.swift; path = ContentView.swift; sourceTree = "<group>"; };
		A66BFA98AF8AB8620727E12D /* DashboardCache.swift */ = {isa = PBXFileReference; lastKnownFileType = sourcecode.swift; path = DashboardCache.swift; sourceTree = "<group>"; };
		AC5867C66D98CC91F235BA62 /* AboutView.swift */ = {isa = PBXFileReference; lastKnownFileType = sourcecode.swift; path = AboutView.swift; sourceTree = "<group>"; };
		AD961C2804A8BE786FAACEB7 /* ReservoirListView.swift */ = {isa = PBXFileReference; lastKnownFileType = sourcecode.swift; path = ReservoirListView.swift; sourceTree = "<group>"; };
		AEFA12EE73D6885B14618981 /* TexasWaterDeepLink.swift */ = {isa = PBXFileReference; lastKnownFileType = sourcecode.swift; path = TexasWaterDeepLink.swift; sourceTree = "<group>"; };
		B9D152E4F6A5DE5DD01380A0 /* DroughtTodayCard.swift */ = {isa = PBXFileReference; lastKnownFileType = sourcecode.swift; path = DroughtTodayCard.swift; sourceTree = "<group>"; };
		BB1C0D0E82A11223FDF1D3C6 /* DashboardSection.swift */ = {isa = PBXFileReference; lastKnownFileType = sourcecode.swift; path = DashboardSection.swift; sourceTree = "<group>"; };
		BB6F93893D2A3E57BC8314C5 /* Texas Water Widget.appex */ = {isa = PBXFileReference; includeInIndex = 0; lastKnownFileType = "wrapper.app-extension"; path = "Texas Water Widget.appex"; sourceTree = BUILT_PRODUCTS_DIR; };
		CB5F60F64EB5650E09C86242 /* AppEnvironment.swift */ = {isa = PBXFileReference; lastKnownFileType = sourcecode.swift; path = AppEnvironment.swift; sourceTree = "<group>"; };
		E35308719F123C32DC78621B /* TodayView.swift */ = {isa = PBXFileReference; lastKnownFileType = sourcecode.swift; path = TodayView.swift; sourceTree = "<group>"; };
		E50D06D0374DB0E827837B5E /* TexasWaterAppTests.swift */ = {isa = PBXFileReference; lastKnownFileType = sourcecode.swift; path = TexasWaterAppTests.swift; sourceTree = "<group>"; };
		EC7166B9359A9CA532EAE532 /* TexasWaterWidget.swift */ = {isa = PBXFileReference; lastKnownFileType = sourcecode.swift; path = TexasWaterWidget.swift; sourceTree = "<group>"; };
		ECF799960593C82FFF201FB6 /* BasinListView.swift */ = {isa = PBXFileReference; lastKnownFileType = sourcecode.swift; path = BasinListView.swift; sourceTree = "<group>"; };
		F182B2FE1D5F50F71AF4FB68 /* MapView.swift */ = {isa = PBXFileReference; lastKnownFileType = sourcecode.swift; path = MapView.swift; sourceTree = "<group>"; };
		F2EAB49283762930FBEDEE70 /* TexasWaterCoreTests.swift */ = {isa = PBXFileReference; lastKnownFileType = sourcecode.swift; path = TexasWaterCoreTests.swift; sourceTree = "<group>"; };
		F556DEA25DD9BCCE2ED09191 /* SummaryHeroCard.swift */ = {isa = PBXFileReference; lastKnownFileType = sourcecode.swift; path = SummaryHeroCard.swift; sourceTree = "<group>"; };
		F57048B0A4EADE115244C341 /* Info.plist */ = {isa = PBXFileReference; lastKnownFileType = text.plist; path = Info.plist; sourceTree = "<group>"; };
		FDA1A8F5F5431272E84F5265 /* DroughtDataStore.swift */ = {isa = PBXFileReference; lastKnownFileType = sourcecode.swift; path = DroughtDataStore.swift; sourceTree = "<group>"; };
/* End PBXFileReference section */

/* Begin PBXFrameworksBuildPhase section */
		1B22FBE9A9D64D26C2F07939 /* Frameworks */ = {
			isa = PBXFrameworksBuildPhase;
			buildActionMask = 2147483647;
			files = (
				7BA1EE7594E0B2E479678EFD /* TexasWaterCore in Frameworks */,
			);
			runOnlyForDeploymentPostprocessing = 0;
		};
		B80C7E4E85CE608FD7279692 /* Frameworks */ = {
			isa = PBXFrameworksBuildPhase;
			buildActionMask = 2147483647;
			files = (
				8ED9C717D029FA5A5AB01EBB /* TexasWaterCore in Frameworks */,
			);
			runOnlyForDeploymentPostprocessing = 0;
		};
		C278A0EE2BFEB372F3978C98 /* Frameworks */ = {
			isa = PBXFrameworksBuildPhase;
			buildActionMask = 2147483647;
			files = (
				4776E8ACB830EEEF1B94F7BB /* TexasWaterCore in Frameworks */,
			);
			runOnlyForDeploymentPostprocessing = 0;
		};
/* End PBXFrameworksBuildPhase section */

/* Begin PBXGroup section */
		0B53FBBF849E72C291077AA9 /* Packages */ = {
			isa = PBXGroup;
			children = (
				90EE5317B3333C81DB9E0BCE /* TexasWaterCore */,
			);
			path = Packages;
			sourceTree = "<group>";
		};
		0C4AE85CBF9C19F1CF3C6001 /* Data */ = {
			isa = PBXGroup;
			children = (
				A66BFA98AF8AB8620727E12D /* DashboardCache.swift */,
				FDA1A8F5F5431272E84F5265 /* DroughtDataStore.swift */,
				5CB01077DA0996E6B571F670 /* ReservoirDataStore.swift */,
			);
			path = Data;
			sourceTree = "<group>";
		};
		10CF7FF8BC02F5E717900DDF /* Reservoirs */ = {
			isa = PBXGroup;
			children = (
				09EE94ED7175994401FA3B6E /* ReservoirDetailView.swift */,
				AD961C2804A8BE786FAACEB7 /* ReservoirListView.swift */,
				002C534A2C8CCDA0B0A1CA6F /* ReservoirMapPanel.swift */,
			);
			path = Reservoirs;
			sourceTree = "<group>";
		};
		33EF9431565E7083C2146F0C /* Drought */ = {
			isa = PBXGroup;
			children = (
				5F854C04175BFC5EB355565E /* CountyBoundaryMap.swift */,
				89C7C7FD6C8D4AF2C2682BFC /* DroughtHydrologyContextView.swift */,
				18CE220D7BF02E722A962CF8 /* DroughtMapView.swift */,
				817A874B6D2087891B61BD22 /* DroughtView.swift */,
			);
			path = Drought;
			sourceTree = "<group>";
		};
		36EAB4DFDE670DD4B2810FEB /* Components */ = {
			isa = PBXGroup;
			children = (
				BB1C0D0E82A11223FDF1D3C6 /* DashboardSection.swift */,
				B9D152E4F6A5DE5DD01380A0 /* DroughtTodayCard.swift */,
				97CC3934906089EAA367E952 /* ReservoirRow.swift */,
				F556DEA25DD9BCCE2ED09191 /* SummaryHeroCard.swift */,
				1831155DCB25AB8ABA2F14D9 /* TexasWaterMap.swift */,
			);
			path = Components;
			sourceTree = "<group>";
		};
		593C3E1F05E747DA42412967 = {
			isa = PBXGroup;
			children = (
				0B53FBBF849E72C291077AA9 /* Packages */,
				949D26AAA1D4A3FEDDC1FA01 /* Shared */,
				C07A108467DA14352DC4BDEC /* TexasWaterApp */,
				791EBA8CD7A5385F83CC1613 /* TexasWaterAppTests */,
				9801DD8D7621B9BC65F8DFB7 /* TexasWaterCoreTests */,
				C3C8400F05667918FD2E2093 /* TexasWaterWidget */,
				ABD398184CBC56F5034228A7 /* Products */,
			);
			sourceTree = "<group>";
		};
		6272B8E131FBB2AAFB5D936F /* About */ = {
			isa = PBXGroup;
			children = (
				AC5867C66D98CC91F235BA62 /* AboutView.swift */,
				233F29D4B3FCC43941DCC0DC /* NotificationSettingsView.swift */,
			);
			path = About;
			sourceTree = "<group>";
		};
		6BA9098E195490C680BB092A /* Today */ = {
			isa = PBXGroup;
			children = (
				E35308719F123C32DC78621B /* TodayView.swift */,
			);
			path = Today;
			sourceTree = "<group>";
		};
		75CE96E7E12FD48AD75198F5 /* Basins */ = {
			isa = PBXGroup;
			children = (
				ECF799960593C82FFF201FB6 /* BasinListView.swift */,
			);
			path = Basins;
			sourceTree = "<group>";
		};
		760A10728A42F449D1BCF5B3 /* Map */ = {
			isa = PBXGroup;
			children = (
				F182B2FE1D5F50F71AF4FB68 /* MapView.swift */,
			);
			path = Map;
			sourceTree = "<group>";
		};
		791EBA8CD7A5385F83CC1613 /* TexasWaterAppTests */ = {
			isa = PBXGroup;
			children = (
				E50D06D0374DB0E827837B5E /* TexasWaterAppTests.swift */,
			);
			path = TexasWaterAppTests;
			sourceTree = "<group>";
		};
		949D26AAA1D4A3FEDDC1FA01 /* Shared */ = {
			isa = PBXGroup;
			children = (
				AEFA12EE73D6885B14618981 /* TexasWaterDeepLink.swift */,
				61167902E5E3BA12ED34E6D7 /* WaterWidgetCache.swift */,
			);
			path = Shared;
			sourceTree = "<group>";
		};
		9801DD8D7621B9BC65F8DFB7 /* TexasWaterCoreTests */ = {
			isa = PBXGroup;
			children = (
				F2EAB49283762930FBEDEE70 /* TexasWaterCoreTests.swift */,
			);
			name = TexasWaterCoreTests;
			path = Packages/TexasWaterCore/Tests/TexasWaterCoreTests;
			sourceTree = "<group>";
		};
		A09A188675C64234C3F29E9B /* Features */ = {
			isa = PBXGroup;
			children = (
				6272B8E131FBB2AAFB5D936F /* About */,
				75CE96E7E12FD48AD75198F5 /* Basins */,
				33EF9431565E7083C2146F0C /* Drought */,
				760A10728A42F449D1BCF5B3 /* Map */,
				10CF7FF8BC02F5E717900DDF /* Reservoirs */,
				6BA9098E195490C680BB092A /* Today */,
			);
			path = Features;
			sourceTree = "<group>";
		};
		ABD398184CBC56F5034228A7 /* Products */ = {
			isa = PBXGroup;
			children = (
				BB6F93893D2A3E57BC8314C5 /* Texas Water Widget.appex */,
				8B0C07FE0ED946E9E7B30A78 /* Texas Water.app */,
				59DF126957AE0A444CF2CD7F /* TexasWaterAppTests.xctest */,
				92ED1AEF2CB56EA33EB6D20A /* TexasWaterCoreTests.xctest */,
			);
			name = Products;
			sourceTree = "<group>";
		};
		C07A108467DA14352DC4BDEC /* TexasWaterApp */ = {
			isa = PBXGroup;
			children = (
				7C0A38CDEDD7E7DE677DF778 /* Assets.xcassets */,
				9A2330395D4CF259EDA912E2 /* ContentView.swift */,
				F57048B0A4EADE115244C341 /* Info.plist */,
				7AD441C27CD2757019178FA3 /* TexasWater.entitlements */,
				252335BE49976F8049BD4DC9 /* TexasWaterApp.swift */,
				F99DA3C6694AC40B6D6AB4E1 /* App */,
				36EAB4DFDE670DD4B2810FEB /* Components */,
				0C4AE85CBF9C19F1CF3C6001 /* Data */,
				A09A188675C64234C3F29E9B /* Features */,
				F6050657A253FD24AD9C086F /* Support */,
			);
			path = TexasWaterApp;
			sourceTree = "<group>";
		};
		C3C8400F05667918FD2E2093 /* TexasWaterWidget */ = {
			isa = PBXGroup;
			children = (
				66B91B82B1F2EF5751FF9991 /* Info.plist */,
				3CCA109D9E69C1C94A05488E /* TexasWaterWidget.entitlements */,
				EC7166B9359A9CA532EAE532 /* TexasWaterWidget.swift */,
			);
			path = TexasWaterWidget;
			sourceTree = "<group>";
		};
		F6050657A253FD24AD9C086F /* Support */ = {
			isa = PBXGroup;
			children = (
				53B0EBB49DA8A5E306922489 /* WaterFormatting.swift */,
			);
			path = Support;
			sourceTree = "<group>";
		};
		F99DA3C6694AC40B6D6AB4E1 /* App */ = {
			isa = PBXGroup;
			children = (
				CB5F60F64EB5650E09C86242 /* AppEnvironment.swift */,
				542C45536EF3929417ECA424 /* LocalAlertManager.swift */,
				302916A845075F563ADB3BF1 /* TexasWaterDeepLinkInbox.swift */,
			);
			path = App;
			sourceTree = "<group>";
		};
/* End PBXGroup section */

/* Begin PBXNativeTarget section */
		09CF1D8C7C5B4158DE271EED /* TexasWaterWidget */ = {
			isa = PBXNativeTarget;
			buildConfigurationList = DD289F2498F348D62DE0E76C /* Build configuration list for PBXNativeTarget "TexasWaterWidget" */;
			buildPhases = (
				2CA747E148BD38860C9C822F /* Sources */,
				B80C7E4E85CE608FD7279692 /* Frameworks */,
			);
			buildRules = (
			);
			dependencies = (
			);
			name = TexasWaterWidget;
			packageProductDependencies = (
				ED3414E196B2423559F10374 /* TexasWaterCore */,
			);
			productName = TexasWaterWidget;
			productReference = BB6F93893D2A3E57BC8314C5 /* Texas Water Widget.appex */;
			productType = "com.apple.product-type.app-extension";
		};
		402FC205BA69E786E38D5CEC /* TexasWater */ = {
			isa = PBXNativeTarget;
			buildConfigurationList = C14F5B93E860E4259C4F3E2E /* Build configuration list for PBXNativeTarget "TexasWater" */;
			buildPhases = (
				35577E4A0811A1AB8380CBBA /* Sources */,
				B73ED1AAE11A4C9F0C02C5BC /* Resources */,
				1B22FBE9A9D64D26C2F07939 /* Frameworks */,
				A2BFE0B0B33411274BA3F0F0 /* Embed Foundation Extensions */,
			);
			buildRules = (
			);
			dependencies = (
				E39C341B47DC2247DA91A4E9 /* PBXTargetDependency */,
			);
			name = TexasWater;
			packageProductDependencies = (
				E0BD2BE9EB5BDF7D18125273 /* TexasWaterCore */,
			);
			productName = TexasWater;
			productReference = 8B0C07FE0ED946E9E7B30A78 /* Texas Water.app */;
			productType = "com.apple.product-type.application";
		};
		45DB15822DA2DF74F2A7694C /* TexasWaterAppTests */ = {
			isa = PBXNativeTarget;
			buildConfigurationList = 6747D28D50C22205B1B3E119 /* Build configuration list for PBXNativeTarget "TexasWaterAppTests" */;
			buildPhases = (
				2BBFB735DB7C6361C383D06B /* Sources */,
			);
			buildRules = (
			);
			dependencies = (
				33A13C36F665E02C43425543 /* PBXTargetDependency */,
			);
			name = TexasWaterAppTests;
			packageProductDependencies = (
			);
			productName = TexasWaterAppTests;
			productReference = 59DF126957AE0A444CF2CD7F /* TexasWaterAppTests.xctest */;
			productType = "com.apple.product-type.bundle.unit-test";
		};
		D720C369A286E4D6A4594A4B /* TexasWaterCoreTests */ = {
			isa = PBXNativeTarget;
			buildConfigurationList = 1405B6C22D0F3199A8908BEA /* Build configuration list for PBXNativeTarget "TexasWaterCoreTests" */;
			buildPhases = (
				F610BF9B52D482BB48BCD5B8 /* Sources */,
				C278A0EE2BFEB372F3978C98 /* Frameworks */,
			);
			buildRules = (
			);
			dependencies = (
			);
			name = TexasWaterCoreTests;
			packageProductDependencies = (
				251B4B35E96B26BC9A32C68D /* TexasWaterCore */,
			);
			productName = TexasWaterCoreTests;
			productReference = 92ED1AEF2CB56EA33EB6D20A /* TexasWaterCoreTests.xctest */;
			productType = "com.apple.product-type.bundle.unit-test";
		};
/* End PBXNativeTarget section */

/* Begin PBXProject section */
		24379E49927A1EA1986A013D /* Project object */ = {
			isa = PBXProject;
			attributes = {
				BuildIndependentTargetsInParallel = YES;
				LastUpgradeCheck = 1600;
				TargetAttributes = {
					09CF1D8C7C5B4158DE271EED = {
						DevelopmentTeam = 77H7V8G86J;
						ProvisioningStyle = Automatic;
					};
					402FC205BA69E786E38D5CEC = {
						DevelopmentTeam = 77H7V8G86J;
						ProvisioningStyle = Automatic;
					};
				};
			};
			buildConfigurationList = B09CD40F24A7AA8DBCC2F153 /* Build configuration list for PBXProject "TexasWater" */;
			developmentRegion = en;
			hasScannedForEncodings = 0;
			knownRegions = (
				Base,
				en,
			);
			mainGroup = 593C3E1F05E747DA42412967;
			minimizedProjectReferenceProxies = 1;
			packageReferences = (
				B4AA44B5737AA5699913B582 /* XCLocalSwiftPackageReference "Packages/TexasWaterCore" */,
			);
			preferredProjectObjectVersion = 77;
			productRefGroup = ABD398184CBC56F5034228A7 /* Products */;
			projectDirPath = "";
			projectRoot = "";
			targets = (
				402FC205BA69E786E38D5CEC /* TexasWater */,
				45DB15822DA2DF74F2A7694C /* TexasWaterAppTests */,
				D720C369A286E4D6A4594A4B /* TexasWaterCoreTests */,
				09CF1D8C7C5B4158DE271EED /* TexasWaterWidget */,
			);
		};
/* End PBXProject section */

/* Begin PBXResourcesBuildPhase section */
		B73ED1AAE11A4C9F0C02C5BC /* Resources */ = {
			isa = PBXResourcesBuildPhase;
			buildActionMask = 2147483647;
			files = (
				52EBEC298A77D78C36689341 /* Assets.xcassets in Resources */,
			);
			runOnlyForDeploymentPostprocessing = 0;
		};
/* End PBXResourcesBuildPhase section */

/* Begin PBXSourcesBuildPhase section */
		2BBFB735DB7C6361C383D06B /* Sources */ = {
			isa = PBXSourcesBuildPhase;
			buildActionMask = 2147483647;
			files = (
				36A22C8DDCFD4450B74F513D /* TexasWaterAppTests.swift in Sources */,
			);
			runOnlyForDeploymentPostprocessing = 0;
		};
		2CA747E148BD38860C9C822F /* Sources */ = {
			isa = PBXSourcesBuildPhase;
			buildActionMask = 2147483647;
			files = (
				7AFFA2DCBFAF63C3B5A4ED38 /* TexasWaterDeepLink.swift in Sources */,
				A0C8644C8CDEDD646B281069 /* TexasWaterWidget.swift in Sources */,
				C0C8C58A8EF713ABA2E75E06 /* WaterWidgetCache.swift in Sources */,
			);
			runOnlyForDeploymentPostprocessing = 0;
		};
		35577E4A0811A1AB8380CBBA /* Sources */ = {
			isa = PBXSourcesBuildPhase;
			buildActionMask = 2147483647;
			files = (
				EF0887DADEA4D4F9A0BB0D86 /* AboutView.swift in Sources */,
				0551E5E7043A82AFD06E9CDC /* AppEnvironment.swift in Sources */,
				EAFB21740CA18C0419B3E107 /* BasinListView.swift in Sources */,
				1B348E4B9573FFF797C70089 /* ContentView.swift in Sources */,
				F1D086CC54D2DA792528865D /* CountyBoundaryMap.swift in Sources */,
				969A6E800C1A83BD1FCBB8C0 /* DashboardCache.swift in Sources */,
				5EEE9D215138E32A82058369 /* DashboardSection.swift in Sources */,
				04A0110BFE43943B0B8D744B /* DroughtDataStore.swift in Sources */,
				BDB78EA6F9BABD29437058FC /* DroughtHydrologyContextView.swift in Sources */,
				A3A45E3316D6C21923DB0B2E /* DroughtMapView.swift in Sources */,
				0716C98545F68D9D618B7458 /* DroughtTodayCard.swift in Sources */,
				EF1E6B86AC639AE365B45F43 /* DroughtView.swift in Sources */,
				3AAF57D3FB9E364B02FB4925 /* LocalAlertManager.swift in Sources */,
				B7C96A5B6E4EBF23D7FB1B88 /* MapView.swift in Sources */,
				186264A05861D7D0375BBDEC /* NotificationSettingsView.swift in Sources */,
				7198891B5BC1AF97295C5891 /* ReservoirDataStore.swift in Sources */,
				85190710F3C50EAC2D273C8C /* ReservoirDetailView.swift in Sources */,
				307A2307E82437087999A278 /* ReservoirListView.swift in Sources */,
				1454186298F93C51AB6341D9 /* ReservoirMapPanel.swift in Sources */,
				A5D59CA80B8CBD4E71FD1A2F /* ReservoirRow.swift in Sources */,
				C0D050DA293D46BEA1E279EB /* SummaryHeroCard.swift in Sources */,
				BE6653AD3E2BC0F3D0C9170E /* TexasWaterApp.swift in Sources */,
				FD0C6B6D4C90912BE4DECCF4 /* TexasWaterDeepLink.swift in Sources */,
				4EA3906A43D80CB9CA59192F /* TexasWaterDeepLinkInbox.swift in Sources */,
				192507A0B58234EABBFAA2B9 /* TexasWaterMap.swift in Sources */,
				D81758A706C533558BE98E86 /* TodayView.swift in Sources */,
				376AB964AA33EBD4EBDB13F2 /* WaterFormatting.swift in Sources */,
				9854BC4A2F2B47448BAA48EF /* WaterWidgetCache.swift in Sources */,
			);
			runOnlyForDeploymentPostprocessing = 0;
		};
		F610BF9B52D482BB48BCD5B8 /* Sources */ = {
			isa = PBXSourcesBuildPhase;
			buildActionMask = 2147483647;
			files = (
				831DCA13C9378DB38FA8968E /* TexasWaterCoreTests.swift in Sources */,
			);
			runOnlyForDeploymentPostprocessing = 0;
		};
/* End PBXSourcesBuildPhase section */

/* Begin PBXTargetDependency section */
		33A13C36F665E02C43425543 /* PBXTargetDependency */ = {
			isa = PBXTargetDependency;
			target = 402FC205BA69E786E38D5CEC /* TexasWater */;
			targetProxy = F61ED1ED0DBCADAD01652E21 /* PBXContainerItemProxy */;
		};
		E39C341B47DC2247DA91A4E9 /* PBXTargetDependency */ = {
			isa = PBXTargetDependency;
			target = 09CF1D8C7C5B4158DE271EED /* TexasWaterWidget */;
			targetProxy = D69D65AD41FBF02096D560E7 /* PBXContainerItemProxy */;
		};
/* End PBXTargetDependency section */

/* Begin XCBuildConfiguration section */
		2597B7C17669A339F5BEA059 /* Debug */ = {
			isa = XCBuildConfiguration;
			buildSettings = {
				APPLICATION_EXTENSION_API_ONLY = YES;
				CODE_SIGN_ENTITLEMENTS = TexasWaterWidget/TexasWaterWidget.entitlements;
				CODE_SIGN_STYLE = Automatic;
				CURRENT_PROJECT_VERSION = 1;
				DEVELOPMENT_TEAM = 77H7V8G86J;
				INFOPLIST_FILE = TexasWaterWidget/Info.plist;
				LD_RUNPATH_SEARCH_PATHS = (
					"$(inherited)",
					"@executable_path/Frameworks",
					"@executable_path/../../Frameworks",
				);
				MARKETING_VERSION = 1.0.0;
				PRODUCT_BUNDLE_IDENTIFIER = com.ryanshores.TexasWater.Widget;
				PRODUCT_NAME = "Texas Water Widget";
				SDKROOT = iphoneos;
				SWIFT_VERSION = 6.0;
				TARGETED_DEVICE_FAMILY = "1,2";
			};
			name = Debug;
		};
		4B3E5E0D9E4443410E6476E6 /* Debug */ = {
			isa = XCBuildConfiguration;
			buildSettings = {
				ALWAYS_SEARCH_USER_PATHS = NO;
				CLANG_ANALYZER_NONNULL = YES;
				CLANG_ANALYZER_NUMBER_OBJECT_CONVERSION = YES_AGGRESSIVE;
				CLANG_CXX_LANGUAGE_STANDARD = "gnu++14";
				CLANG_CXX_LIBRARY = "libc++";
				CLANG_ENABLE_MODULES = YES;
				CLANG_ENABLE_OBJC_ARC = YES;
				CLANG_ENABLE_OBJC_WEAK = YES;
				CLANG_WARN_BLOCK_CAPTURE_AUTORELEASING = YES;
				CLANG_WARN_BOOL_CONVERSION = YES;
				CLANG_WARN_COMMA = YES;
				CLANG_WARN_CONSTANT_CONVERSION = YES;
				CLANG_WARN_DEPRECATED_OBJC_IMPLEMENTATIONS = YES;
				CLANG_WARN_DIRECT_OBJC_ISA_USAGE = YES_ERROR;
				CLANG_WARN_DOCUMENTATION_COMMENTS = YES;
				CLANG_WARN_EMPTY_BODY = YES;
				CLANG_WARN_ENUM_CONVERSION = YES;
				CLANG_WARN_INFINITE_RECURSION = YES;
				CLANG_WARN_INT_CONVERSION = YES;
				CLANG_WARN_NON_LITERAL_NULL_CONVERSION = YES;
				CLANG_WARN_OBJC_IMPLICIT_RETAIN_SELF = YES;
				CLANG_WARN_OBJC_LITERAL_CONVERSION = YES;
				CLANG_WARN_OBJC_ROOT_CLASS = YES_ERROR;
				CLANG_WARN_QUOTED_INCLUDE_IN_FRAMEWORK_HEADER = YES;
				CLANG_WARN_RANGE_LOOP_ANALYSIS = YES;
				CLANG_WARN_STRICT_PROTOTYPES = YES;
				CLANG_WARN_SUSPICIOUS_MOVE = YES;
				CLANG_WARN_UNGUARDED_AVAILABILITY = YES_AGGRESSIVE;
				CLANG_WARN_UNREACHABLE_CODE = YES;
				CLANG_WARN__DUPLICATE_METHOD_MATCH = YES;
				COPY_PHASE_STRIP = NO;
				DEBUG_INFORMATION_FORMAT = dwarf;
				ENABLE_STRICT_OBJC_MSGSEND = YES;
				ENABLE_TESTABILITY = YES;
				GCC_C_LANGUAGE_STANDARD = gnu11;
				GCC_DYNAMIC_NO_PIC = NO;
				GCC_NO_COMMON_BLOCKS = YES;
				GCC_OPTIMIZATION_LEVEL = 0;
				GCC_PREPROCESSOR_DEFINITIONS = (
					"$(inherited)",
					"DEBUG=1",
				);
				GCC_WARN_64_TO_32_BIT_CONVERSION = YES;
				GCC_WARN_ABOUT_RETURN_TYPE = YES_ERROR;
				GCC_WARN_UNDECLARED_SELECTOR = YES;
				GCC_WARN_UNINITIALIZED_AUTOS = YES_AGGRESSIVE;
				GCC_WARN_UNUSED_FUNCTION = YES;
				GCC_WARN_UNUSED_VARIABLE = YES;
				IPHONEOS_DEPLOYMENT_TARGET = 17.0;
				MTL_ENABLE_DEBUG_INFO = INCLUDE_SOURCE;
				MTL_FAST_MATH = YES;
				ONLY_ACTIVE_ARCH = YES;
				PRODUCT_NAME = "$(TARGET_NAME)";
				SDKROOT = iphoneos;
				SWIFT_ACTIVE_COMPILATION_CONDITIONS = DEBUG;
				SWIFT_OPTIMIZATION_LEVEL = "-Onone";
				SWIFT_VERSION = 5.0;
			};
			name = Debug;
		};
		73F4BB72339D08937D38F49C /* Release */ = {
			isa = XCBuildConfiguration;
			buildSettings = {
				APPLICATION_EXTENSION_API_ONLY = YES;
				CODE_SIGN_ENTITLEMENTS = TexasWaterWidget/TexasWaterWidget.entitlements;
				CODE_SIGN_STYLE = Automatic;
				CURRENT_PROJECT_VERSION = 1;
				DEVELOPMENT_TEAM = 77H7V8G86J;
				INFOPLIST_FILE = TexasWaterWidget/Info.plist;
				LD_RUNPATH_SEARCH_PATHS = (
					"$(inherited)",
					"@executable_path/Frameworks",
					"@executable_path/../../Frameworks",
				);
				MARKETING_VERSION = 1.0.0;
				PRODUCT_BUNDLE_IDENTIFIER = com.ryanshores.TexasWater.Widget;
				PRODUCT_NAME = "Texas Water Widget";
				SDKROOT = iphoneos;
				SWIFT_VERSION = 6.0;
				TARGETED_DEVICE_FAMILY = "1,2";
			};
			name = Release;
		};
		92FB1F48046ECAFE61A8B7E3 /* Release */ = {
			isa = XCBuildConfiguration;
			buildSettings = {
				BUNDLE_LOADER = "$(TEST_HOST)";
				DEVELOPMENT_TEAM = 77H7V8G86J;
				GENERATE_INFOPLIST_FILE = YES;
				LD_RUNPATH_SEARCH_PATHS = (
					"$(inherited)",
					"@executable_path/Frameworks",
					"@loader_path/Frameworks",
				);
				PRODUCT_BUNDLE_IDENTIFIER = com.ryanshores.TexasWaterCoreTests;
				SDKROOT = iphoneos;
				TARGETED_DEVICE_FAMILY = "1,2";
			};
			name = Release;
		};
		A1E5A8BC7CE67D80A1AD04F8 /* Release */ = {
			isa = XCBuildConfiguration;
			buildSettings = {
				BUNDLE_LOADER = "$(TEST_HOST)";
				DEVELOPMENT_TEAM = 77H7V8G86J;
				GENERATE_INFOPLIST_FILE = YES;
				LD_RUNPATH_SEARCH_PATHS = (
					"$(inherited)",
					"@executable_path/Frameworks",
					"@loader_path/Frameworks",
				);
				PRODUCT_BUNDLE_IDENTIFIER = com.ryanshores.TexasWaterAppTests;
				SDKROOT = iphoneos;
				TARGETED_DEVICE_FAMILY = "1,2";
				TEST_HOST = "$(BUILT_PRODUCTS_DIR)/Texas Water.app/Texas Water";
			};
			name = Release;
		};
		A412E18E28B8EA3AA8AA21C9 /* Debug */ = {
			isa = XCBuildConfiguration;
			buildSettings = {
				BUNDLE_LOADER = "$(TEST_HOST)";
				DEVELOPMENT_TEAM = 77H7V8G86J;
				GENERATE_INFOPLIST_FILE = YES;
				LD_RUNPATH_SEARCH_PATHS = (
					"$(inherited)",
					"@executable_path/Frameworks",
					"@loader_path/Frameworks",
				);
				PRODUCT_BUNDLE_IDENTIFIER = com.ryanshores.TexasWaterAppTests;
				SDKROOT = iphoneos;
				TARGETED_DEVICE_FAMILY = "1,2";
				TEST_HOST = "$(BUILT_PRODUCTS_DIR)/Texas Water.app/Texas Water";
			};
			name = Debug;
		};
		CCDF322C12DC2354EF39C3CB /* Debug */ = {
			isa = XCBuildConfiguration;
			buildSettings = {
				ASSETCATALOG_COMPILER_APPICON_NAME = AppIcon;
				ASSETCATALOG_COMPILER_GLOBAL_ACCENT_COLOR_NAME = AccentColor;
				CODE_SIGN_ENTITLEMENTS = TexasWaterApp/TexasWater.entitlements;
				CODE_SIGN_IDENTITY = "iPhone Developer";
				CODE_SIGN_STYLE = Automatic;
				CURRENT_PROJECT_VERSION = 1;
				DEVELOPMENT_TEAM = 77H7V8G86J;
				GENERATE_INFOPLIST_FILE = YES;
				INFOPLIST_FILE = TexasWaterApp/Info.plist;
				INFOPLIST_KEY_CFBundleDisplayName = "Texas Water";
				INFOPLIST_KEY_CFBundleShortVersionString = "$(MARKETING_VERSION)";
				INFOPLIST_KEY_CFBundleVersion = "$(CURRENT_PROJECT_VERSION)";
				INFOPLIST_KEY_LSApplicationCategoryType = "public.app-category.weather";
				INFOPLIST_KEY_UIApplicationSceneManifest_Generation = YES;
				INFOPLIST_KEY_UILaunchScreen_Generation = YES;
				LD_RUNPATH_SEARCH_PATHS = (
					"$(inherited)",
					"@executable_path/Frameworks",
				);
				MARKETING_VERSION = 1.0.0;
				PRODUCT_BUNDLE_IDENTIFIER = com.ryanshores.TexasWater;
				PRODUCT_NAME = "Texas Water";
				SDKROOT = iphoneos;
				SWIFT_VERSION = 6.0;
				TARGETED_DEVICE_FAMILY = "1,2";
				TEXAS_WATER_API_BASE_URL = "https://texas-water-api.ryan-shores.workers.dev";
			};
			name = Debug;
		};
		DD0BA980879654BD377D6A1B /* Debug */ = {
			isa = XCBuildConfiguration;
			buildSettings = {
				BUNDLE_LOADER = "$(TEST_HOST)";
				DEVELOPMENT_TEAM = 77H7V8G86J;
				GENERATE_INFOPLIST_FILE = YES;
				LD_RUNPATH_SEARCH_PATHS = (
					"$(inherited)",
					"@executable_path/Frameworks",
					"@loader_path/Frameworks",
				);
				PRODUCT_BUNDLE_IDENTIFIER = com.ryanshores.TexasWaterCoreTests;
				SDKROOT = iphoneos;
				TARGETED_DEVICE_FAMILY = "1,2";
			};
			name = Debug;
		};
		EC9A39B20B26730AFB021B22 /* Release */ = {
			isa = XCBuildConfiguration;
			buildSettings = {
				ALWAYS_SEARCH_USER_PATHS = NO;
				CLANG_ANALYZER_NONNULL = YES;
				CLANG_ANALYZER_NUMBER_OBJECT_CONVERSION = YES_AGGRESSIVE;
				CLANG_CXX_LANGUAGE_STANDARD = "gnu++14";
				CLANG_CXX_LIBRARY = "libc++";
				CLANG_ENABLE_MODULES = YES;
				CLANG_ENABLE_OBJC_ARC = YES;
				CLANG_ENABLE_OBJC_WEAK = YES;
				CLANG_WARN_BLOCK_CAPTURE_AUTORELEASING = YES;
				CLANG_WARN_BOOL_CONVERSION = YES;
				CLANG_WARN_COMMA = YES;
				CLANG_WARN_CONSTANT_CONVERSION = YES;
				CLANG_WARN_DEPRECATED_OBJC_IMPLEMENTATIONS = YES;
				CLANG_WARN_DIRECT_OBJC_ISA_USAGE = YES_ERROR;
				CLANG_WARN_DOCUMENTATION_COMMENTS = YES;
				CLANG_WARN_EMPTY_BODY = YES;
				CLANG_WARN_ENUM_CONVERSION = YES;
				CLANG_WARN_INFINITE_RECURSION = YES;
				CLANG_WARN_INT_CONVERSION = YES;
				CLANG_WARN_NON_LITERAL_NULL_CONVERSION = YES;
				CLANG_WARN_OBJC_IMPLICIT_RETAIN_SELF = YES;
				CLANG_WARN_OBJC_LITERAL_CONVERSION = YES;
				CLANG_WARN_OBJC_ROOT_CLASS = YES_ERROR;
				CLANG_WARN_QUOTED_INCLUDE_IN_FRAMEWORK_HEADER = YES;
				CLANG_WARN_RANGE_LOOP_ANALYSIS = YES;
				CLANG_WARN_STRICT_PROTOTYPES = YES;
				CLANG_WARN_SUSPICIOUS_MOVE = YES;
				CLANG_WARN_UNGUARDED_AVAILABILITY = YES_AGGRESSIVE;
				CLANG_WARN_UNREACHABLE_CODE = YES;
				CLANG_WARN__DUPLICATE_METHOD_MATCH = YES;
				COPY_PHASE_STRIP = NO;
				DEBUG_INFORMATION_FORMAT = "dwarf-with-dsym";
				ENABLE_NS_ASSERTIONS = NO;
				ENABLE_STRICT_OBJC_MSGSEND = YES;
				GCC_C_LANGUAGE_STANDARD = gnu11;
				GCC_NO_COMMON_BLOCKS = YES;
				GCC_WARN_64_TO_32_BIT_CONVERSION = YES;
				GCC_WARN_ABOUT_RETURN_TYPE = YES_ERROR;
				GCC_WARN_UNDECLARED_SELECTOR = YES;
				GCC_WARN_UNINITIALIZED_AUTOS = YES_AGGRESSIVE;
				GCC_WARN_UNUSED_FUNCTION = YES;
				GCC_WARN_UNUSED_VARIABLE = YES;
				IPHONEOS_DEPLOYMENT_TARGET = 17.0;
				MTL_ENABLE_DEBUG_INFO = NO;
				MTL_FAST_MATH = YES;
				PRODUCT_NAME = "$(TARGET_NAME)";
				SDKROOT = iphoneos;
				SWIFT_COMPILATION_MODE = wholemodule;
				SWIFT_OPTIMIZATION_LEVEL = "-O";
				SWIFT_VERSION = 5.0;
			};
			name = Release;
		};
		F67C3AADB0F15CB41C5E8805 /* Release */ = {
			isa = XCBuildConfiguration;
			buildSettings = {
				ASSETCATALOG_COMPILER_APPICON_NAME = AppIcon;
				ASSETCATALOG_COMPILER_GLOBAL_ACCENT_COLOR_NAME = AccentColor;
				CODE_SIGN_ENTITLEMENTS = TexasWaterApp/TexasWater.entitlements;
				CODE_SIGN_IDENTITY = "iPhone Developer";
				CODE_SIGN_STYLE = Automatic;
				CURRENT_PROJECT_VERSION = 1;
				DEVELOPMENT_TEAM = 77H7V8G86J;
				GENERATE_INFOPLIST_FILE = YES;
				INFOPLIST_FILE = TexasWaterApp/Info.plist;
				INFOPLIST_KEY_CFBundleDisplayName = "Texas Water";
				INFOPLIST_KEY_CFBundleShortVersionString = "$(MARKETING_VERSION)";
				INFOPLIST_KEY_CFBundleVersion = "$(CURRENT_PROJECT_VERSION)";
				INFOPLIST_KEY_LSApplicationCategoryType = "public.app-category.weather";
				INFOPLIST_KEY_UIApplicationSceneManifest_Generation = YES;
				INFOPLIST_KEY_UILaunchScreen_Generation = YES;
				LD_RUNPATH_SEARCH_PATHS = (
					"$(inherited)",
					"@executable_path/Frameworks",
				);
				MARKETING_VERSION = 1.0.0;
				PRODUCT_BUNDLE_IDENTIFIER = com.ryanshores.TexasWater;
				PRODUCT_NAME = "Texas Water";
				SDKROOT = iphoneos;
				SWIFT_VERSION = 6.0;
				TARGETED_DEVICE_FAMILY = "1,2";
				TEXAS_WATER_API_BASE_URL = "https://texas-water-api.ryan-shores.workers.dev";
			};
			name = Release;
		};
/* End XCBuildConfiguration section */

/* Begin XCConfigurationList section */
		1405B6C22D0F3199A8908BEA /* Build configuration list for PBXNativeTarget "TexasWaterCoreTests" */ = {
			isa = XCConfigurationList;
			buildConfigurations = (
				DD0BA980879654BD377D6A1B /* Debug */,
				92FB1F48046ECAFE61A8B7E3 /* Release */,
			);
			defaultConfigurationIsVisible = 0;
			defaultConfigurationName = Debug;
		};
		6747D28D50C22205B1B3E119 /* Build configuration list for PBXNativeTarget "TexasWaterAppTests" */ = {
			isa = XCConfigurationList;
			buildConfigurations = (
				A412E18E28B8EA3AA8AA21C9 /* Debug */,
				A1E5A8BC7CE67D80A1AD04F8 /* Release */,
			);
			defaultConfigurationIsVisible = 0;
			defaultConfigurationName = Debug;
		};
		B09CD40F24A7AA8DBCC2F153 /* Build configuration list for PBXProject "TexasWater" */ = {
			isa = XCConfigurationList;
			buildConfigurations = (
				4B3E5E0D9E4443410E6476E6 /* Debug */,
				EC9A39B20B26730AFB021B22 /* Release */,
			);
			defaultConfigurationIsVisible = 0;
			defaultConfigurationName = Debug;
		};
		C14F5B93E860E4259C4F3E2E /* Build configuration list for PBXNativeTarget "TexasWater" */ = {
			isa = XCConfigurationList;
			buildConfigurations = (
				CCDF322C12DC2354EF39C3CB /* Debug */,
				F67C3AADB0F15CB41C5E8805 /* Release */,
			);
			defaultConfigurationIsVisible = 0;
			defaultConfigurationName = Debug;
		};
		DD289F2498F348D62DE0E76C /* Build configuration list for PBXNativeTarget "TexasWaterWidget" */ = {
			isa = XCConfigurationList;
			buildConfigurations = (
				2597B7C17669A339F5BEA059 /* Debug */,
				73F4BB72339D08937D38F49C /* Release */,
			);
			defaultConfigurationIsVisible = 0;
			defaultConfigurationName = Debug;
		};
/* End XCConfigurationList section */

/* Begin XCLocalSwiftPackageReference section */
		B4AA44B5737AA5699913B582 /* XCLocalSwiftPackageReference "Packages/TexasWaterCore" */ = {
			isa = XCLocalSwiftPackageReference;
			relativePath = Packages/TexasWaterCore;
		};
/* End XCLocalSwiftPackageReference section */

/* Begin XCSwiftPackageProductDependency section */
		251B4B35E96B26BC9A32C68D /* TexasWaterCore */ = {
			isa = XCSwiftPackageProductDependency;
			productName = TexasWaterCore;
		};
		E0BD2BE9EB5BDF7D18125273 /* TexasWaterCore */ = {
			isa = XCSwiftPackageProductDependency;
			productName = TexasWaterCore;
		};
		ED3414E196B2423559F10374 /* TexasWaterCore */ = {
			isa = XCSwiftPackageProductDependency;
			productName = TexasWaterCore;
		};
/* End XCSwiftPackageProductDependency section */
	};
	rootObject = 24379E49927A1EA1986A013D /* Project object */;
}
