// !$*UTF8*$!
{
	archiveVersion = 1;
	classes = {
	};
	objectVersion = 77;
	objects = {

/* Begin PBXBuildFile section */
		0551E5E7043A82AFD06E9CDC /* AppEnvironment.swift in Sources */ = {isa = PBXBuildFile; fileRef = CB5F60F64EB5650E09C86242 /* AppEnvironment.swift */; };
		1B348E4B9573FFF797C70089 /* ContentView.swift in Sources */ = {isa = PBXBuildFile; fileRef = 9A2330395D4CF259EDA912E2 /* ContentView.swift */; };
		307A2307E82437087999A278 /* ReservoirListView.swift in Sources */ = {isa = PBXBuildFile; fileRef = AD961C2804A8BE786FAACEB7 /* ReservoirListView.swift */; };
		376AB964AA33EBD4EBDB13F2 /* WaterFormatting.swift in Sources */ = {isa = PBXBuildFile; fileRef = 53B0EBB49DA8A5E306922489 /* WaterFormatting.swift */; };
		52EBEC298A77D78C36689341 /* Assets.xcassets in Resources */ = {isa = PBXBuildFile; fileRef = 7C0A38CDEDD7E7DE677DF778 /* Assets.xcassets */; };
		53F8405B87E811D3BD74D741 /* ReservoirMapView.swift in Sources */ = {isa = PBXBuildFile; fileRef = F4AB83A975A728428F1F21ED /* ReservoirMapView.swift */; };
		5EEE9D215138E32A82058369 /* DashboardSection.swift in Sources */ = {isa = PBXBuildFile; fileRef = BB1C0D0E82A11223FDF1D3C6 /* DashboardSection.swift */; };
		7198891B5BC1AF97295C5891 /* ReservoirDataStore.swift in Sources */ = {isa = PBXBuildFile; fileRef = 5CB01077DA0996E6B571F670 /* ReservoirDataStore.swift */; };
		7BA1EE7594E0B2E479678EFD /* TexasWaterCore in Frameworks */ = {isa = PBXBuildFile; productRef = E0BD2BE9EB5BDF7D18125273 /* TexasWaterCore */; };
		85190710F3C50EAC2D273C8C /* ReservoirDetailView.swift in Sources */ = {isa = PBXBuildFile; fileRef = 09EE94ED7175994401FA3B6E /* ReservoirDetailView.swift */; };
		969A6E800C1A83BD1FCBB8C0 /* DashboardCache.swift in Sources */ = {isa = PBXBuildFile; fileRef = A66BFA98AF8AB8620727E12D /* DashboardCache.swift */; };
		A5D59CA80B8CBD4E71FD1A2F /* ReservoirRow.swift in Sources */ = {isa = PBXBuildFile; fileRef = 97CC3934906089EAA367E952 /* ReservoirRow.swift */; };
		BE6653AD3E2BC0F3D0C9170E /* TexasWaterApp.swift in Sources */ = {isa = PBXBuildFile; fileRef = 252335BE49976F8049BD4DC9 /* TexasWaterApp.swift */; };
		C0D050DA293D46BEA1E279EB /* SummaryHeroCard.swift in Sources */ = {isa = PBXBuildFile; fileRef = F556DEA25DD9BCCE2ED09191 /* SummaryHeroCard.swift */; };
		D81758A706C533558BE98E86 /* TodayView.swift in Sources */ = {isa = PBXBuildFile; fileRef = E35308719F123C32DC78621B /* TodayView.swift */; };
		EF0887DADEA4D4F9A0BB0D86 /* AboutView.swift in Sources */ = {isa = PBXBuildFile; fileRef = AC5867C66D98CC91F235BA62 /* AboutView.swift */; };
/* End PBXBuildFile section */

/* Begin PBXFileReference section */
		09EE94ED7175994401FA3B6E /* ReservoirDetailView.swift */ = {isa = PBXFileReference; lastKnownFileType = sourcecode.swift; path = ReservoirDetailView.swift; sourceTree = "<group>"; };
		252335BE49976F8049BD4DC9 /* TexasWaterApp.swift */ = {isa = PBXFileReference; lastKnownFileType = sourcecode.swift; path = TexasWaterApp.swift; sourceTree = "<group>"; };
		53B0EBB49DA8A5E306922489 /* WaterFormatting.swift */ = {isa = PBXFileReference; lastKnownFileType = sourcecode.swift; path = WaterFormatting.swift; sourceTree = "<group>"; };
		5CB01077DA0996E6B571F670 /* ReservoirDataStore.swift */ = {isa = PBXFileReference; lastKnownFileType = sourcecode.swift; path = ReservoirDataStore.swift; sourceTree = "<group>"; };
		7C0A38CDEDD7E7DE677DF778 /* Assets.xcassets */ = {isa = PBXFileReference; lastKnownFileType = folder.assetcatalog; path = Assets.xcassets; sourceTree = "<group>"; };
		8B0C07FE0ED946E9E7B30A78 /* Texas Water.app */ = {isa = PBXFileReference; includeInIndex = 0; lastKnownFileType = wrapper.application; path = "Texas Water.app"; sourceTree = BUILT_PRODUCTS_DIR; };
		90EE5317B3333C81DB9E0BCE /* TexasWaterCore */ = {isa = PBXFileReference; lastKnownFileType = folder; name = TexasWaterCore; path = Packages/TexasWaterCore; sourceTree = SOURCE_ROOT; };
		97CC3934906089EAA367E952 /* ReservoirRow.swift */ = {isa = PBXFileReference; lastKnownFileType = sourcecode.swift; path = ReservoirRow.swift; sourceTree = "<group>"; };
		9A2330395D4CF259EDA912E2 /* ContentView.swift */ = {isa = PBXFileReference; lastKnownFileType = sourcecode.swift; path = ContentView.swift; sourceTree = "<group>"; };
		A66BFA98AF8AB8620727E12D /* DashboardCache.swift */ = {isa = PBXFileReference; lastKnownFileType = sourcecode.swift; path = DashboardCache.swift; sourceTree = "<group>"; };
		AC5867C66D98CC91F235BA62 /* AboutView.swift */ = {isa = PBXFileReference; lastKnownFileType = sourcecode.swift; path = AboutView.swift; sourceTree = "<group>"; };
		AD961C2804A8BE786FAACEB7 /* ReservoirListView.swift */ = {isa = PBXFileReference; lastKnownFileType = sourcecode.swift; path = ReservoirListView.swift; sourceTree = "<group>"; };
		BB1C0D0E82A11223FDF1D3C6 /* DashboardSection.swift */ = {isa = PBXFileReference; lastKnownFileType = sourcecode.swift; path = DashboardSection.swift; sourceTree = "<group>"; };
		CB5F60F64EB5650E09C86242 /* AppEnvironment.swift */ = {isa = PBXFileReference; lastKnownFileType = sourcecode.swift; path = AppEnvironment.swift; sourceTree = "<group>"; };
		E35308719F123C32DC78621B /* TodayView.swift */ = {isa = PBXFileReference; lastKnownFileType = sourcecode.swift; path = TodayView.swift; sourceTree = "<group>"; };
		F4AB83A975A728428F1F21ED /* ReservoirMapView.swift */ = {isa = PBXFileReference; lastKnownFileType = sourcecode.swift; path = ReservoirMapView.swift; sourceTree = "<group>"; };
		F556DEA25DD9BCCE2ED09191 /* SummaryHeroCard.swift */ = {isa = PBXFileReference; lastKnownFileType = sourcecode.swift; path = SummaryHeroCard.swift; sourceTree = "<group>"; };
/* End PBXFileReference section */

/* Begin PBXFrameworksBuildPhase section */
		1B22FBE9A9D64D26C2F07939 /* Frameworks */ = {
			isa = PBXFrameworksBuildPhase;
			buildActionMask = 2147483647;
			files = (
				7BA1EE7594E0B2E479678EFD /* TexasWaterCore in Frameworks */,
			);
			runOnlyForDeploymentPostprocessing = 0;
		};
/* End PBXFrameworksBuildPhase section */

/* Begin PBXGroup section */
		0B53FBBF849E72C291077AA9 /* Packages */ = {
			isa = PBXGroup;
			children = (
				90EE5317B3333C81DB9E0BCE /* TexasWaterCore */,
			);
			path = Packages;
			sourceTree = "<group>";
		};
		0C4AE85CBF9C19F1CF3C6001 /* Data */ = {
			isa = PBXGroup;
			children = (
				A66BFA98AF8AB8620727E12D /* DashboardCache.swift */,
				5CB01077DA0996E6B571F670 /* ReservoirDataStore.swift */,
			);
			path = Data;
			sourceTree = "<group>";
		};
		10CF7FF8BC02F5E717900DDF /* Reservoirs */ = {
			isa = PBXGroup;
			children = (
				09EE94ED7175994401FA3B6E /* ReservoirDetailView.swift */,
				AD961C2804A8BE786FAACEB7 /* ReservoirListView.swift */,
			);
			path = Reservoirs;
			sourceTree = "<group>";
		};
		36EAB4DFDE670DD4B2810FEB /* Components */ = {
			isa = PBXGroup;
			children = (
				BB1C0D0E82A11223FDF1D3C6 /* DashboardSection.swift */,
				97CC3934906089EAA367E952 /* ReservoirRow.swift */,
				F556DEA25DD9BCCE2ED09191 /* SummaryHeroCard.swift */,
			);
			path = Components;
			sourceTree = "<group>";
		};
		593C3E1F05E747DA42412967 = {
			isa = PBXGroup;
			children = (
				0B53FBBF849E72C291077AA9 /* Packages */,
				C07A108467DA14352DC4BDEC /* TexasWaterApp */,
				ABD398184CBC56F5034228A7 /* Products */,
			);
			sourceTree = "<group>";
		};
		6272B8E131FBB2AAFB5D936F /* About */ = {
			isa = PBXGroup;
			children = (
				AC5867C66D98CC91F235BA62 /* AboutView.swift */,
			);
			path = About;
			sourceTree = "<group>";
		};
		6BA9098E195490C680BB092A /* Today */ = {
			isa = PBXGroup;
			children = (
				E35308719F123C32DC78621B /* TodayView.swift */,
			);
			path = Today;
			sourceTree = "<group>";
		};
		760A10728A42F449D1BCF5B3 /* Map */ = {
			isa = PBXGroup;
			children = (
				F4AB83A975A728428F1F21ED /* ReservoirMapView.swift */,
			);
			path = Map;
			sourceTree = "<group>";
		};
		A09A188675C64234C3F29E9B /* Features */ = {
			isa = PBXGroup;
			children = (
				6272B8E131FBB2AAFB5D936F /* About */,
				760A10728A42F449D1BCF5B3 /* Map */,
				10CF7FF8BC02F5E717900DDF /* Reservoirs */,
				6BA9098E195490C680BB092A /* Today */,
			);
			path = Features;
			sourceTree = "<group>";
		};
		ABD398184CBC56F5034228A7 /* Products */ = {
			isa = PBXGroup;
			children = (
				8B0C07FE0ED946E9E7B30A78 /* Texas Water.app */,
			);
			name = Products;
			sourceTree = "<group>";
		};
		C07A108467DA14352DC4BDEC /* TexasWaterApp */ = {
			isa = PBXGroup;
			children = (
				7C0A38CDEDD7E7DE677DF778 /* Assets.xcassets */,
				9A2330395D4CF259EDA912E2 /* ContentView.swift */,
				252335BE49976F8049BD4DC9 /* TexasWaterApp.swift */,
				F99DA3C6694AC40B6D6AB4E1 /* App */,
				36EAB4DFDE670DD4B2810FEB /* Components */,
				0C4AE85CBF9C19F1CF3C6001 /* Data */,
				A09A188675C64234C3F29E9B /* Features */,
				F6050657A253FD24AD9C086F /* Support */,
			);
			path = TexasWaterApp;
			sourceTree = "<group>";
		};
		F6050657A253FD24AD9C086F /* Support */ = {
			isa = PBXGroup;
			children = (
				53B0EBB49DA8A5E306922489 /* WaterFormatting.swift */,
			);
			path = Support;
			sourceTree = "<group>";
		};
		F99DA3C6694AC40B6D6AB4E1 /* App */ = {
			isa = PBXGroup;
			children = (
				CB5F60F64EB5650E09C86242 /* AppEnvironment.swift */,
			);
			path = App;
			sourceTree = "<group>";
		};
/* End PBXGroup section */

/* Begin PBXNativeTarget section */
		402FC205BA69E786E38D5CEC /* TexasWater */ = {
			isa = PBXNativeTarget;
			buildConfigurationList = C14F5B93E860E4259C4F3E2E /* Build configuration list for PBXNativeTarget "TexasWater" */;
			buildPhases = (
				35577E4A0811A1AB8380CBBA /* Sources */,
				B73ED1AAE11A4C9F0C02C5BC /* Resources */,
				1B22FBE9A9D64D26C2F07939 /* Frameworks */,
			);
			buildRules = (
			);
			dependencies = (
			);
			name = TexasWater;
			packageProductDependencies = (
				E0BD2BE9EB5BDF7D18125273 /* TexasWaterCore */,
			);
			productName = TexasWater;
			productReference = 8B0C07FE0ED946E9E7B30A78 /* Texas Water.app */;
			productType = "com.apple.product-type.application";
		};
/* End PBXNativeTarget section */

/* Begin PBXProject section */
		24379E49927A1EA1986A013D /* Project object */ = {
			isa = PBXProject;
			attributes = {
				BuildIndependentTargetsInParallel = YES;
				LastUpgradeCheck = 1600;
				TargetAttributes = {
					402FC205BA69E786E38D5CEC = {
						DevelopmentTeam = 77H7V8G86J;
						ProvisioningStyle = Automatic;
					};
				};
			};
			buildConfigurationList = B09CD40F24A7AA8DBCC2F153 /* Build configuration list for PBXProject "TexasWater" */;
			developmentRegion = en;
			hasScannedForEncodings = 0;
			knownRegions = (
				Base,
				en,
			);
			mainGroup = 593C3E1F05E747DA42412967;
			minimizedProjectReferenceProxies = 1;
			packageReferences = (
				B4AA44B5737AA5699913B582 /* XCLocalSwiftPackageReference "Packages/TexasWaterCore" */,
			);
			preferredProjectObjectVersion = 77;
			productRefGroup = ABD398184CBC56F5034228A7 /* Products */;
			projectDirPath = "";
			projectRoot = "";
			targets = (
				402FC205BA69E786E38D5CEC /* TexasWater */,
			);
		};
/* End PBXProject section */

/* Begin PBXResourcesBuildPhase section */
		B73ED1AAE11A4C9F0C02C5BC /* Resources */ = {
			isa = PBXResourcesBuildPhase;
			buildActionMask = 2147483647;
			files = (
				52EBEC298A77D78C36689341 /* Assets.xcassets in Resources */,
			);
			runOnlyForDeploymentPostprocessing = 0;
		};
/* End PBXResourcesBuildPhase section */

/* Begin PBXSourcesBuildPhase section */
		35577E4A0811A1AB8380CBBA /* Sources */ = {
			isa = PBXSourcesBuildPhase;
			buildActionMask = 2147483647;
			files = (
				EF0887DADEA4D4F9A0BB0D86 /* AboutView.swift in Sources */,
				0551E5E7043A82AFD06E9CDC /* AppEnvironment.swift in Sources */,
				1B348E4B9573FFF797C70089 /* ContentView.swift in Sources */,
				969A6E800C1A83BD1FCBB8C0 /* DashboardCache.swift in Sources */,
				5EEE9D215138E32A82058369 /* DashboardSection.swift in Sources */,
				7198891B5BC1AF97295C5891 /* ReservoirDataStore.swift in Sources */,
				85190710F3C50EAC2D273C8C /* ReservoirDetailView.swift in Sources */,
				307A2307E82437087999A278 /* ReservoirListView.swift in Sources */,
				53F8405B87E811D3BD74D741 /* ReservoirMapView.swift in Sources */,
				A5D59CA80B8CBD4E71FD1A2F /* ReservoirRow.swift in Sources */,
				C0D050DA293D46BEA1E279EB /* SummaryHeroCard.swift in Sources */,
				BE6653AD3E2BC0F3D0C9170E /* TexasWaterApp.swift in Sources */,
				D81758A706C533558BE98E86 /* TodayView.swift in Sources */,
				376AB964AA33EBD4EBDB13F2 /* WaterFormatting.swift in Sources */,
			);
			runOnlyForDeploymentPostprocessing = 0;
		};
/* End PBXSourcesBuildPhase section */

/* Begin XCBuildConfiguration section */
		4B3E5E0D9E4443410E6476E6 /* Debug */ = {
			isa = XCBuildConfiguration;
			buildSettings = {
				ALWAYS_SEARCH_USER_PATHS = NO;
				CLANG_ANALYZER_NONNULL = YES;
				CLANG_ANALYZER_NUMBER_OBJECT_CONVERSION = YES_AGGRESSIVE;
				CLANG_CXX_LANGUAGE_STANDARD = "gnu++14";
				CLANG_CXX_LIBRARY = "libc++";
				CLANG_ENABLE_MODULES = YES;
				CLANG_ENABLE_OBJC_ARC = YES;
				CLANG_ENABLE_OBJC_WEAK = YES;
				CLANG_WARN_BLOCK_CAPTURE_AUTORELEASING = YES;
				CLANG_WARN_BOOL_CONVERSION = YES;
				CLANG_WARN_COMMA = YES;
				CLANG_WARN_CONSTANT_CONVERSION = YES;
				CLANG_WARN_DEPRECATED_OBJC_IMPLEMENTATIONS = YES;
				CLANG_WARN_DIRECT_OBJC_ISA_USAGE = YES_ERROR;
				CLANG_WARN_DOCUMENTATION_COMMENTS = YES;
				CLANG_WARN_EMPTY_BODY = YES;
				CLANG_WARN_ENUM_CONVERSION = YES;
				CLANG_WARN_INFINITE_RECURSION = YES;
				CLANG_WARN_INT_CONVERSION = YES;
				CLANG_WARN_NON_LITERAL_NULL_CONVERSION = YES;
				CLANG_WARN_OBJC_IMPLICIT_RETAIN_SELF = YES;
				CLANG_WARN_OBJC_LITERAL_CONVERSION = YES;
				CLANG_WARN_OBJC_ROOT_CLASS = YES_ERROR;
				CLANG_WARN_QUOTED_INCLUDE_IN_FRAMEWORK_HEADER = YES;
				CLANG_WARN_RANGE_LOOP_ANALYSIS = YES;
				CLANG_WARN_STRICT_PROTOTYPES = YES;
				CLANG_WARN_SUSPICIOUS_MOVE = YES;
				CLANG_WARN_UNGUARDED_AVAILABILITY = YES_AGGRESSIVE;
				CLANG_WARN_UNREACHABLE_CODE = YES;
				CLANG_WARN__DUPLICATE_METHOD_MATCH = YES;
				COPY_PHASE_STRIP = NO;
				DEBUG_INFORMATION_FORMAT = dwarf;
				ENABLE_STRICT_OBJC_MSGSEND = YES;
				ENABLE_TESTABILITY = YES;
				GCC_C_LANGUAGE_STANDARD = gnu11;
				GCC_DYNAMIC_NO_PIC = NO;
				GCC_NO_COMMON_BLOCKS = YES;
				GCC_OPTIMIZATION_LEVEL = 0;
				GCC_PREPROCESSOR_DEFINITIONS = (
					"$(inherited)",
					"DEBUG=1",
				);
				GCC_WARN_64_TO_32_BIT_CONVERSION = YES;
				GCC_WARN_ABOUT_RETURN_TYPE = YES_ERROR;
				GCC_WARN_UNDECLARED_SELECTOR = YES;
				GCC_WARN_UNINITIALIZED_AUTOS = YES_AGGRESSIVE;
				GCC_WARN_UNUSED_FUNCTION = YES;
				GCC_WARN_UNUSED_VARIABLE = YES;
				IPHONEOS_DEPLOYMENT_TARGET = 17.0;
				MTL_ENABLE_DEBUG_INFO = INCLUDE_SOURCE;
				MTL_FAST_MATH = YES;
				ONLY_ACTIVE_ARCH = YES;
				PRODUCT_NAME = "$(TARGET_NAME)";
				SDKROOT = iphoneos;
				SWIFT_ACTIVE_COMPILATION_CONDITIONS = DEBUG;
				SWIFT_OPTIMIZATION_LEVEL = "-Onone";
				SWIFT_VERSION = 5.0;
			};
			name = Debug;
		};
		CCDF322C12DC2354EF39C3CB /* Debug */ = {
			isa = XCBuildConfiguration;
			buildSettings = {
				ASSETCATALOG_COMPILER_APPICON_NAME = AppIcon;
				ASSETCATALOG_COMPILER_GLOBAL_ACCENT_COLOR_NAME = AccentColor;
				CODE_SIGN_IDENTITY = "iPhone Developer";
				CODE_SIGN_STYLE = Automatic;
				CURRENT_PROJECT_VERSION = 1;
				DEVELOPMENT_TEAM = 77H7V8G86J;
				GENERATE_INFOPLIST_FILE = YES;
				INFOPLIST_KEY_CFBundleDisplayName = "Texas Water";
				INFOPLIST_KEY_CFBundleShortVersionString = "$(MARKETING_VERSION)";
				INFOPLIST_KEY_CFBundleVersion = "$(CURRENT_PROJECT_VERSION)";
				INFOPLIST_KEY_LSApplicationCategoryType = "public.app-category.weather";
				INFOPLIST_KEY_TEXAS_WATER_API_BASE_URL = "";
				INFOPLIST_KEY_UIApplicationSceneManifest_Generation = YES;
				INFOPLIST_KEY_UILaunchScreen_Generation = YES;
				LD_RUNPATH_SEARCH_PATHS = (
					"$(inherited)",
					"@executable_path/Frameworks",
				);
				MARKETING_VERSION = 1.0.0;
				PRODUCT_BUNDLE_IDENTIFIER = com.ryanshores.TexasWater;
				PRODUCT_NAME = "Texas Water";
				SDKROOT = iphoneos;
				SWIFT_VERSION = 6.0;
				TARGETED_DEVICE_FAMILY = "1,2";
			};
			name = Debug;
		};
		EC9A39B20B26730AFB021B22 /* Release */ = {
			isa = XCBuildConfiguration;
			buildSettings = {
				ALWAYS_SEARCH_USER_PATHS = NO;
				CLANG_ANALYZER_NONNULL = YES;
				CLANG_ANALYZER_NUMBER_OBJECT_CONVERSION = YES_AGGRESSIVE;
				CLANG_CXX_LANGUAGE_STANDARD = "gnu++14";
				CLANG_CXX_LIBRARY = "libc++";
				CLANG_ENABLE_MODULES = YES;
				CLANG_ENABLE_OBJC_ARC = YES;
				CLANG_ENABLE_OBJC_WEAK = YES;
				CLANG_WARN_BLOCK_CAPTURE_AUTORELEASING = YES;
				CLANG_WARN_BOOL_CONVERSION = YES;
				CLANG_WARN_COMMA = YES;
				CLANG_WARN_CONSTANT_CONVERSION = YES;
				CLANG_WARN_DEPRECATED_OBJC_IMPLEMENTATIONS = YES;
				CLANG_WARN_DIRECT_OBJC_ISA_USAGE = YES_ERROR;
				CLANG_WARN_DOCUMENTATION_COMMENTS = YES;
				CLANG_WARN_EMPTY_BODY = YES;
				CLANG_WARN_ENUM_CONVERSION = YES;
				CLANG_WARN_INFINITE_RECURSION = YES;
				CLANG_WARN_INT_CONVERSION = YES;
				CLANG_WARN_NON_LITERAL_NULL_CONVERSION = YES;
				CLANG_WARN_OBJC_IMPLICIT_RETAIN_SELF = YES;
				CLANG_WARN_OBJC_LITERAL_CONVERSION = YES;
				CLANG_WARN_OBJC_ROOT_CLASS = YES_ERROR;
				CLANG_WARN_QUOTED_INCLUDE_IN_FRAMEWORK_HEADER = YES;
				CLANG_WARN_RANGE_LOOP_ANALYSIS = YES;
				CLANG_WARN_STRICT_PROTOTYPES = YES;
				CLANG_WARN_SUSPICIOUS_MOVE = YES;
				CLANG_WARN_UNGUARDED_AVAILABILITY = YES_AGGRESSIVE;
				CLANG_WARN_UNREACHABLE_CODE = YES;
				CLANG_WARN__DUPLICATE_METHOD_MATCH = YES;
				COPY_PHASE_STRIP = NO;
				DEBUG_INFORMATION_FORMAT = "dwarf-with-dsym";
				ENABLE_NS_ASSERTIONS = NO;
				ENABLE_STRICT_OBJC_MSGSEND = YES;
				GCC_C_LANGUAGE_STANDARD = gnu11;
				GCC_NO_COMMON_BLOCKS = YES;
				GCC_WARN_64_TO_32_BIT_CONVERSION = YES;
				GCC_WARN_ABOUT_RETURN_TYPE = YES_ERROR;
				GCC_WARN_UNDECLARED_SELECTOR = YES;
				GCC_WARN_UNINITIALIZED_AUTOS = YES_AGGRESSIVE;
				GCC_WARN_UNUSED_FUNCTION = YES;
				GCC_WARN_UNUSED_VARIABLE = YES;
				IPHONEOS_DEPLOYMENT_TARGET = 17.0;
				MTL_ENABLE_DEBUG_INFO = NO;
				MTL_FAST_MATH = YES;
				PRODUCT_NAME = "$(TARGET_NAME)";
				SDKROOT = iphoneos;
				SWIFT_COMPILATION_MODE = wholemodule;
				SWIFT_OPTIMIZATION_LEVEL = "-O";
				SWIFT_VERSION = 5.0;
			};
			name = Release;
		};
		F67C3AADB0F15CB41C5E8805 /* Release */ = {
			isa = XCBuildConfiguration;
			buildSettings = {
				ASSETCATALOG_COMPILER_APPICON_NAME = AppIcon;
				ASSETCATALOG_COMPILER_GLOBAL_ACCENT_COLOR_NAME = AccentColor;
				CODE_SIGN_IDENTITY = "iPhone Developer";
				CODE_SIGN_STYLE = Automatic;
				CURRENT_PROJECT_VERSION = 1;
				DEVELOPMENT_TEAM = 77H7V8G86J;
				GENERATE_INFOPLIST_FILE = YES;
				INFOPLIST_KEY_CFBundleDisplayName = "Texas Water";
				INFOPLIST_KEY_CFBundleShortVersionString = "$(MARKETING_VERSION)";
				INFOPLIST_KEY_CFBundleVersion = "$(CURRENT_PROJECT_VERSION)";
				INFOPLIST_KEY_LSApplicationCategoryType = "public.app-category.weather";
				INFOPLIST_KEY_TEXAS_WATER_API_BASE_URL = "";
				INFOPLIST_KEY_UIApplicationSceneManifest_Generation = YES;
				INFOPLIST_KEY_UILaunchScreen_Generation = YES;
				LD_RUNPATH_SEARCH_PATHS = (
					"$(inherited)",
					"@executable_path/Frameworks",
				);
				MARKETING_VERSION = 1.0.0;
				PRODUCT_BUNDLE_IDENTIFIER = com.ryanshores.TexasWater;
				PRODUCT_NAME = "Texas Water";
				SDKROOT = iphoneos;
				SWIFT_VERSION = 6.0;
				TARGETED_DEVICE_FAMILY = "1,2";
			};
			name = Release;
		};
/* End XCBuildConfiguration section */

/* Begin XCConfigurationList section */
		B09CD40F24A7AA8DBCC2F153 /* Build configuration list for PBXProject "TexasWater" */ = {
			isa = XCConfigurationList;
			buildConfigurations = (
				4B3E5E0D9E4443410E6476E6 /* Debug */,
				EC9A39B20B26730AFB021B22 /* Release */,
			);
			defaultConfigurationIsVisible = 0;
			defaultConfigurationName = Debug;
		};
		C14F5B93E860E4259C4F3E2E /* Build configuration list for PBXNativeTarget "TexasWater" */ = {
			isa = XCConfigurationList;
			buildConfigurations = (
				CCDF322C12DC2354EF39C3CB /* Debug */,
				F67C3AADB0F15CB41C5E8805 /* Release */,
			);
			defaultConfigurationIsVisible = 0;
			defaultConfigurationName = Debug;
		};
/* End XCConfigurationList section */

/* Begin XCLocalSwiftPackageReference section */
		B4AA44B5737AA5699913B582 /* XCLocalSwiftPackageReference "Packages/TexasWaterCore" */ = {
			isa = XCLocalSwiftPackageReference;
			relativePath = Packages/TexasWaterCore;
		};
/* End XCLocalSwiftPackageReference section */

/* Begin XCSwiftPackageProductDependency section */
		E0BD2BE9EB5BDF7D18125273 /* TexasWaterCore */ = {
			isa = XCSwiftPackageProductDependency;
			productName = TexasWaterCore;
		};
/* End XCSwiftPackageProductDependency section */
	};
	rootObject = 24379E49927A1EA1986A013D /* Project object */;
}
